
Microsoft Visual Studio Solution File, Format Version 12.00
# Visual Studio Version 16
VisualStudioVersion = 16.0.30717.126
MinimumVisualStudioVersion = 10.0.40219.1
Project("{FAE04EC0-301F-11D3-BF4B-00C04F79EFBC}") = "KT3", "KT3.csproj", "{120C2B22-85A2-436E-94A7-670FDCBAF638}"
EndProject
Global
	GlobalSection(SolutionConfigurationPlatforms) = preSolution
		Debug|Any CPU = Debug|Any CPU
		Release|Any CPU = Release|Any CPU
	EndGlobalSection
	GlobalSection(ProjectConfigurationPlatforms) = postSolution
		{120C2B22-85A2-436E-94A7-670FDCBAF638}.Debug|Any CPU.ActiveCfg = Debug|Any CPU
		{120C2B22-85A2-436E-94A7-670FDCBAF638}.Debug|Any CPU.Build.0 = Debug|Any CPU
		{120C2B22-85A2-436E-94A7-670FDCBAF638}.Release|Any CPU.ActiveCfg = Release|Any CPU
		{120C2B22-85A2-436E-94A7-670FDCBAF638}.Release|Any CPU.Build.0 = Release|Any CPU
	EndGlobalSection
	GlobalSection(SolutionProperties) = preSolution
		HideSolutionNode = FALSE
	EndGlobalSection
	GlobalSection(ExtensibilityGlobals) = postSolution
		SolutionGuid = {64F8ED85-933F-4257-8E31-976C519484F3}
	EndGlobalSection
EndGlobal
